{
  "originHash" : "505eb3f5cfb073f463ee9f835f25a8edaa3458b839b1aa14cdafc81b5775b0fe",
  "pins" : [
    {
      "identity" : "alerttoast",
      "kind" : "remoteSourceControl",
      "location" : "https://github.com/elai950/AlertToast",
      "state" : {
        "revision" : "b39252eacd159904afd7d718bba0afabb87f2f2f",
        "version" : "1.3.9"
      }
    },
    {
      "identity" : "swiftmessages",
      "kind" : "remoteSourceControl",
      "location" : "https://github.com/SwiftKickMobile/SwiftMessages",
      "state" : {
        "revision" : "c544df6ce316422b9d65a571f932e800213dd09c",
        "version" : "10.0.1"
      }
    }
  ],
  "version" : 3
}
